// !$*UTF8*$!
{
	archiveVersion = 1;
	classes = {
	};
	objectVersion = 56;
	objects = {

/* Begin PBXBuildFile section */
		E236D64628EA1BB500ABEDE3 /* Game.swift in Sources */ = {isa = PBXBuildFile; fileRef = E236D64528EA1BB500ABEDE3 /* Game.swift */; };
		E295B57C28D4F750002980C1 /* BullseyeApp.swift in Sources */ = {isa = PBXBuildFile; fileRef = E295B57B28D4F750002980C1 /* BullseyeApp.swift */; };
		E295B57E28D4F750002980C1 /* ContentView.swift in Sources */ = {isa = PBXBuildFile; fileRef = E295B57D28D4F750002980C1 /* ContentView.swift */; };
		E295B58028D4F751002980C1 /* Assets.xcassets in Resources */ = {isa = PBXBuildFile; fileRef = E295B57F28D4F751002980C1 /* Assets.xcassets */; };
		E295B58328D4F751002980C1 /* Preview Assets.xcassets in Resources */ = {isa = PBXBuildFile; fileRef = E295B58228D4F751002980C1 /* Preview Assets.xcassets */; };
		E2B8793128EF2F6100B0B2EF /* TextViews.swift in Sources */ = {isa = PBXBuildFile; fileRef = E2B8793028EF2F6100B0B2EF /* TextViews.swift */; };
		E2B8793328EF341700B0B2EF /* SliderView.swift in Sources */ = {isa = PBXBuildFile; fileRef = E2B8793228EF341700B0B2EF /* SliderView.swift */; };
		E2B8793528EF344000B0B2EF /* HitMeButtonView.swift in Sources */ = {isa = PBXBuildFile; fileRef = E2B8793428EF344000B0B2EF /* HitMeButtonView.swift */; };
		E2B8793928EF546E00B0B2EF /* RoundedViews.swift in Sources */ = {isa = PBXBuildFile; fileRef = E2B8793828EF546E00B0B2EF /* RoundedViews.swift */; };
		E2B8793B28EF65C700B0B2EF /* BackgroundView.swift in Sources */ = {isa = PBXBuildFile; fileRef = E2B8793A28EF65C700B0B2EF /* BackgroundView.swift */; };
		E2BA29F028F1860B00D2623D /* PointsView.swift in Sources */ = {isa = PBXBuildFile; fileRef = E2BA29EF28F1860B00D2623D /* PointsView.swift */; };
		E2BA29F228F1B63700D2623D /* Constants.swift in Sources */ = {isa = PBXBuildFile; fileRef = E2BA29F128F1B63700D2623D /* Constants.swift */; };
		E2BA29F428F417F800D2623D /* LeaderboardView.swift in Sources */ = {isa = PBXBuildFile; fileRef = E2BA29F328F417F800D2623D /* LeaderboardView.swift */; };
		E2DE614928EDCEE000ACE03A /* BullseyeTests.swift in Sources */ = {isa = PBXBuildFile; fileRef = E2DE614828EDCEE000ACE03A /* BullseyeTests.swift */; };
		E2F1DE2128FFD97B00629924 /* BullseyeUITests.swift in Sources */ = {isa = PBXBuildFile; fileRef = E2F1DE2028FFD97B00629924 /* BullseyeUITests.swift */; };
		E2F1DE2D29007D7A00629924 /* BaseTestCase.swift in Sources */ = {isa = PBXBuildFile; fileRef = E2F1DE2C29007D7A00629924 /* BaseTestCase.swift */; };
/* End PBXBuildFile section */

/* Begin PBXContainerItemProxy section */
		E2DE614A28EDCEE000ACE03A /* PBXContainerItemProxy */ = {
			isa = PBXContainerItemProxy;
			containerPortal = E295B57028D4F750002980C1 /* Project object */;
			proxyType = 1;
			remoteGlobalIDString = E295B57728D4F750002980C1;
			remoteInfo = Bullseye;
		};
		E2F1DE2428FFD97B00629924 /* PBXContainerItemProxy */ = {
			isa = PBXContainerItemProxy;
			containerPortal = E295B57028D4F750002980C1 /* Project object */;
			proxyType = 1;
			remoteGlobalIDString = E295B57728D4F750002980C1;
			remoteInfo = Bullseye;
		};
/* End PBXContainerItemProxy section */

/* Begin PBXFileReference section */
		E236D64528EA1BB500ABEDE3 /* Game.swift */ = {isa = PBXFileReference; lastKnownFileType = sourcecode.swift; path = Game.swift; sourceTree = "<group>"; };
		E295B57828D4F750002980C1 /* Bullseye.app */ = {isa = PBXFileReference; explicitFileType = wrapper.application; includeInIndex = 0; path = Bullseye.app; sourceTree = BUILT_PRODUCTS_DIR; };
		E295B57B28D4F750002980C1 /* BullseyeApp.swift */ = {isa = PBXFileReference; lastKnownFileType = sourcecode.swift; path = BullseyeApp.swift; sourceTree = "<group>"; };
		E295B57D28D4F750002980C1 /* ContentView.swift */ = {isa = PBXFileReference; lastKnownFileType = sourcecode.swift; path = ContentView.swift; sourceTree = "<group>"; };
		E295B57F28D4F751002980C1 /* Assets.xcassets */ = {isa = PBXFileReference; lastKnownFileType = folder.assetcatalog; path = Assets.xcassets; sourceTree = "<group>"; };
		E295B58228D4F751002980C1 /* Preview Assets.xcassets */ = {isa = PBXFileReference; lastKnownFileType = folder.assetcatalog; path = "Preview Assets.xcassets"; sourceTree = "<group>"; };
		E2B8793028EF2F6100B0B2EF /* TextViews.swift */ = {isa = PBXFileReference; lastKnownFileType = sourcecode.swift; path = TextViews.swift; sourceTree = "<group>"; };
		E2B8793228EF341700B0B2EF /* SliderView.swift */ = {isa = PBXFileReference; lastKnownFileType = sourcecode.swift; path = SliderView.swift; sourceTree = "<group>"; };
		E2B8793428EF344000B0B2EF /* HitMeButtonView.swift */ = {isa = PBXFileReference; lastKnownFileType = sourcecode.swift; path = HitMeButtonView.swift; sourceTree = "<group>"; };
		E2B8793828EF546E00B0B2EF /* RoundedViews.swift */ = {isa = PBXFileReference; lastKnownFileType = sourcecode.swift; path = RoundedViews.swift; sourceTree = "<group>"; };
		E2B8793A28EF65C700B0B2EF /* BackgroundView.swift */ = {isa = PBXFileReference; lastKnownFileType = sourcecode.swift; path = BackgroundView.swift; sourceTree = "<group>"; };
		E2BA29EF28F1860B00D2623D /* PointsView.swift */ = {isa = PBXFileReference; lastKnownFileType = sourcecode.swift; path = PointsView.swift; sourceTree = "<group>"; };
		E2BA29F128F1B63700D2623D /* Constants.swift */ = {isa = PBXFileReference; lastKnownFileType = sourcecode.swift; path = Constants.swift; sourceTree = "<group>"; };
		E2BA29F328F417F800D2623D /* LeaderboardView.swift */ = {isa = PBXFileReference; lastKnownFileType = sourcecode.swift; path = LeaderboardView.swift; sourceTree = "<group>"; };
		E2DE614628EDCEE000ACE03A /* BullseyeTests.xctest */ = {isa = PBXFileReference; explicitFileType = wrapper.cfbundle; includeInIndex = 0; path = BullseyeTests.xctest; sourceTree = BUILT_PRODUCTS_DIR; };
		E2DE614828EDCEE000ACE03A /* BullseyeTests.swift */ = {isa = PBXFileReference; lastKnownFileType = sourcecode.swift; path = BullseyeTests.swift; sourceTree = "<group>"; };
		E2F1DE1E28FFD97B00629924 /* BullseyeUITests.xctest */ = {isa = PBXFileReference; explicitFileType = wrapper.cfbundle; includeInIndex = 0; path = BullseyeUITests.xctest; sourceTree = BUILT_PRODUCTS_DIR; };
		E2F1DE2028FFD97B00629924 /* BullseyeUITests.swift */ = {isa = PBXFileReference; lastKnownFileType = sourcecode.swift; path = BullseyeUITests.swift; sourceTree = "<group>"; };
		E2F1DE2C29007D7A00629924 /* BaseTestCase.swift */ = {isa = PBXFileReference; lastKnownFileType = sourcecode.swift; path = BaseTestCase.swift; sourceTree = "<group>"; };
/* End PBXFileReference section */

/* Begin PBXFrameworksBuildPhase section */
		E295B57528D4F750002980C1 /* Frameworks */ = {
			isa = PBXFrameworksBuildPhase;
			buildActionMask = 2147483647;
			files = (
			);
			runOnlyForDeploymentPostprocessing = 0;
		};
		E2DE614328EDCEE000ACE03A /* Frameworks */ = {
			isa = PBXFrameworksBuildPhase;
			buildActionMask = 2147483647;
			files = (
			);
			runOnlyForDeploymentPostprocessing = 0;
		};
		E2F1DE1B28FFD97B00629924 /* Frameworks */ = {
			isa = PBXFrameworksBuildPhase;
			buildActionMask = 2147483647;
			files = (
			);
			runOnlyForDeploymentPostprocessing = 0;
		};
/* End PBXFrameworksBuildPhase section */

/* Begin PBXGroup section */
		E236D63E28E6217F00ABEDE3 /* Models */ = {
			isa = PBXGroup;
			children = (
				E236D64528EA1BB500ABEDE3 /* Game.swift */,
				E2BA29F128F1B63700D2623D /* Constants.swift */,
			);
			path = Models;
			sourceTree = "<group>";
		};
		E236D63F28E6218B00ABEDE3 /* Views */ = {
			isa = PBXGroup;
			children = (
				E295B57D28D4F750002980C1 /* ContentView.swift */,
				E2B8793028EF2F6100B0B2EF /* TextViews.swift */,
				E2B8793228EF341700B0B2EF /* SliderView.swift */,
				E2B8793428EF344000B0B2EF /* HitMeButtonView.swift */,
				E2B8793828EF546E00B0B2EF /* RoundedViews.swift */,
				E2B8793A28EF65C700B0B2EF /* BackgroundView.swift */,
				E2BA29EF28F1860B00D2623D /* PointsView.swift */,
				E2BA29F328F417F800D2623D /* LeaderboardView.swift */,
			);
			path = Views;
			sourceTree = "<group>";
		};
		E236D64028E621B600ABEDE3 /* App */ = {
			isa = PBXGroup;
			children = (
				E295B57F28D4F751002980C1 /* Assets.xcassets */,
				E295B57B28D4F750002980C1 /* BullseyeApp.swift */,
			);
			path = App;
			sourceTree = "<group>";
		};
		E295B56F28D4F750002980C1 = {
			isa = PBXGroup;
			children = (
				E295B57A28D4F750002980C1 /* Bullseye */,
				E2DE614728EDCEE000ACE03A /* BullseyeTests */,
				E2F1DE1F28FFD97B00629924 /* BullseyeUITests */,
				E295B57928D4F750002980C1 /* Products */,
			);
			sourceTree = "<group>";
		};
		E295B57928D4F750002980C1 /* Products */ = {
			isa = PBXGroup;
			children = (
				E295B57828D4F750002980C1 /* Bullseye.app */,
				E2DE614628EDCEE000ACE03A /* BullseyeTests.xctest */,
				E2F1DE1E28FFD97B00629924 /* BullseyeUITests.xctest */,
			);
			name = Products;
			sourceTree = "<group>";
		};
		E295B57A28D4F750002980C1 /* Bullseye */ = {
			isa = PBXGroup;
			children = (
				E236D64028E621B600ABEDE3 /* App */,
				E236D63F28E6218B00ABEDE3 /* Views */,
				E236D63E28E6217F00ABEDE3 /* Models */,
				E295B58128D4F751002980C1 /* Preview Content */,
			);
			path = Bullseye;
			sourceTree = "<group>";
		};
		E295B58128D4F751002980C1 /* Preview Content */ = {
			isa = PBXGroup;
			children = (
				E295B58228D4F751002980C1 /* Preview Assets.xcassets */,
			);
			path = "Preview Content";
			sourceTree = "<group>";
		};
		E2DE614728EDCEE000ACE03A /* BullseyeTests */ = {
			isa = PBXGroup;
			children = (
				E2DE614828EDCEE000ACE03A /* BullseyeTests.swift */,
			);
			path = BullseyeTests;
			sourceTree = "<group>";
		};
		E2F1DE1F28FFD97B00629924 /* BullseyeUITests */ = {
			isa = PBXGroup;
			children = (
				E2F1DE2B29007D4300629924 /* Tests */,
				E2F1DE2929007D0200629924 /* BaseService */,
			);
			path = BullseyeUITests;
			sourceTree = "<group>";
		};
		E2F1DE2929007D0200629924 /* BaseService */ = {
			isa = PBXGroup;
			children = (
				E2F1DE2C29007D7A00629924 /* BaseTestCase.swift */,
			);
			path = BaseService;
			sourceTree = "<group>";
		};
		E2F1DE2B29007D4300629924 /* Tests */ = {
			isa = PBXGroup;
			children = (
				E2F1DE2028FFD97B00629924 /* BullseyeUITests.swift */,
			);
			path = Tests;
			sourceTree = "<group>";
		};
/* End PBXGroup section */

/* Begin PBXNativeTarget section */
		E295B57728D4F750002980C1 /* Bullseye */ = {
			isa = PBXNativeTarget;
			buildConfigurationList = E295B58628D4F751002980C1 /* Build configuration list for PBXNativeTarget "Bullseye" */;
			buildPhases = (
				E295B57428D4F750002980C1 /* Sources */,
				E295B57528D4F750002980C1 /* Frameworks */,
				E295B57628D4F750002980C1 /* Resources */,
			);
			buildRules = (
			);
			dependencies = (
			);
			name = Bullseye;
			productName = Bullseye;
			productReference = E295B57828D4F750002980C1 /* Bullseye.app */;
			productType = "com.apple.product-type.application";
		};
		E2DE614528EDCEE000ACE03A /* BullseyeTests */ = {
			isa = PBXNativeTarget;
			buildConfigurationList = E2DE614E28EDCEE000ACE03A /* Build configuration list for PBXNativeTarget "BullseyeTests" */;
			buildPhases = (
				E2DE614228EDCEE000ACE03A /* Sources */,
				E2DE614328EDCEE000ACE03A /* Frameworks */,
				E2DE614428EDCEE000ACE03A /* Resources */,
			);
			buildRules = (
			);
			dependencies = (
				E2DE614B28EDCEE000ACE03A /* PBXTargetDependency */,
			);
			name = BullseyeTests;
			productName = BullseyeTests;
			productReference = E2DE614628EDCEE000ACE03A /* BullseyeTests.xctest */;
			productType = "com.apple.product-type.bundle.unit-test";
		};
		E2F1DE1D28FFD97B00629924 /* BullseyeUITests */ = {
			isa = PBXNativeTarget;
			buildConfigurationList = E2F1DE2828FFD97B00629924 /* Build configuration list for PBXNativeTarget "BullseyeUITests" */;
			buildPhases = (
				E2F1DE1A28FFD97B00629924 /* Sources */,
				E2F1DE1B28FFD97B00629924 /* Frameworks */,
				E2F1DE1C28FFD97B00629924 /* Resources */,
			);
			buildRules = (
			);
			dependencies = (
				E2F1DE2528FFD97B00629924 /* PBXTargetDependency */,
			);
			name = BullseyeUITests;
			productName = BullseyeUITests;
			productReference = E2F1DE1E28FFD97B00629924 /* BullseyeUITests.xctest */;
			productType = "com.apple.product-type.bundle.ui-testing";
		};
/* End PBXNativeTarget section */

/* Begin PBXProject section */
		E295B57028D4F750002980C1 /* Project object */ = {
			isa = PBXProject;
			attributes = {
				BuildIndependentTargetsInParallel = 1;
				LastSwiftUpdateCheck = 1400;
				LastUpgradeCheck = 1400;
				TargetAttributes = {
					E295B57728D4F750002980C1 = {
						CreatedOnToolsVersion = 14.0;
					};
					E2DE614528EDCEE000ACE03A = {
						CreatedOnToolsVersion = 14.0.1;
						TestTargetID = E295B57728D4F750002980C1;
					};
					E2F1DE1D28FFD97B00629924 = {
						CreatedOnToolsVersion = 14.0.1;
						TestTargetID = E295B57728D4F750002980C1;
					};
				};
			};
			buildConfigurationList = E295B57328D4F750002980C1 /* Build configuration list for PBXProject "Bullseye" */;
			compatibilityVersion = "Xcode 14.0";
			developmentRegion = en;
			hasScannedForEncodings = 0;
			knownRegions = (
				en,
				Base,
			);
			mainGroup = E295B56F28D4F750002980C1;
			productRefGroup = E295B57928D4F750002980C1 /* Products */;
			projectDirPath = "";
			projectRoot = "";
			targets = (
				E295B57728D4F750002980C1 /* Bullseye */,
				E2DE614528EDCEE000ACE03A /* BullseyeTests */,
				E2F1DE1D28FFD97B00629924 /* BullseyeUITests */,
			);
		};
/* End PBXProject section */

/* Begin PBXResourcesBuildPhase section */
		E295B57628D4F750002980C1 /* Resources */ = {
			isa = PBXResourcesBuildPhase;
			buildActionMask = 2147483647;
			files = (
				E295B58328D4F751002980C1 /* Preview Assets.xcassets in Resources */,
				E295B58028D4F751002980C1 /* Assets.xcassets in Resources */,
			);
			runOnlyForDeploymentPostprocessing = 0;
		};
		E2DE614428EDCEE000ACE03A /* Resources */ = {
			isa = PBXResourcesBuildPhase;
			buildActionMask = 2147483647;
			files = (
			);
			runOnlyForDeploymentPostprocessing = 0;
		};
		E2F1DE1C28FFD97B00629924 /* Resources */ = {
			isa = PBXResourcesBuildPhase;
			buildActionMask = 2147483647;
			files = (
			);
			runOnlyForDeploymentPostprocessing = 0;
		};
/* End PBXResourcesBuildPhase section */

/* Begin PBXSourcesBuildPhase section */
		E295B57428D4F750002980C1 /* Sources */ = {
			isa = PBXSourcesBuildPhase;
			buildActionMask = 2147483647;
			files = (
				E2B8793528EF344000B0B2EF /* HitMeButtonView.swift in Sources */,
				E295B57E28D4F750002980C1 /* ContentView.swift in Sources */,
				E2BA29F028F1860B00D2623D /* PointsView.swift in Sources */,
				E2B8793B28EF65C700B0B2EF /* BackgroundView.swift in Sources */,
				E2B8793128EF2F6100B0B2EF /* TextViews.swift in Sources */,
				E2B8793928EF546E00B0B2EF /* RoundedViews.swift in Sources */,
				E236D64628EA1BB500ABEDE3 /* Game.swift in Sources */,
				E2BA29F428F417F800D2623D /* LeaderboardView.swift in Sources */,
				E2B8793328EF341700B0B2EF /* SliderView.swift in Sources */,
				E295B57C28D4F750002980C1 /* BullseyeApp.swift in Sources */,
				E2BA29F228F1B63700D2623D /* Constants.swift in Sources */,
			);
			runOnlyForDeploymentPostprocessing = 0;
		};
		E2DE614228EDCEE000ACE03A /* Sources */ = {
			isa = PBXSourcesBuildPhase;
			buildActionMask = 2147483647;
			files = (
				E2DE614928EDCEE000ACE03A /* BullseyeTests.swift in Sources */,
			);
			runOnlyForDeploymentPostprocessing = 0;
		};
		E2F1DE1A28FFD97B00629924 /* Sources */ = {
			isa = PBXSourcesBuildPhase;
			buildActionMask = 2147483647;
			files = (
				E2F1DE2D29007D7A00629924 /* BaseTestCase.swift in Sources */,
				E2F1DE2128FFD97B00629924 /* BullseyeUITests.swift in Sources */,
			);
			runOnlyForDeploymentPostprocessing = 0;
		};
/* End PBXSourcesBuildPhase section */

/* Begin PBXTargetDependency section */
		E2DE614B28EDCEE000ACE03A /* PBXTargetDependency */ = {
			isa = PBXTargetDependency;
			target = E295B57728D4F750002980C1 /* Bullseye */;
			targetProxy = E2DE614A28EDCEE000ACE03A /* PBXContainerItemProxy */;
		};
		E2F1DE2528FFD97B00629924 /* PBXTargetDependency */ = {
			isa = PBXTargetDependency;
			target = E295B57728D4F750002980C1 /* Bullseye */;
			targetProxy = E2F1DE2428FFD97B00629924 /* PBXContainerItemProxy */;
		};
/* End PBXTargetDependency section */

/* Begin XCBuildConfiguration section */
		E295B58428D4F751002980C1 /* Debug */ = {
			isa = XCBuildConfiguration;
			buildSettings = {
				ALWAYS_SEARCH_USER_PATHS = NO;
				CLANG_ANALYZER_NONNULL = YES;
				CLANG_ANALYZER_NUMBER_OBJECT_CONVERSION = YES_AGGRESSIVE;
				CLANG_CXX_LANGUAGE_STANDARD = "gnu++20";
				CLANG_ENABLE_MODULES = YES;
				CLANG_ENABLE_OBJC_ARC = YES;
				CLANG_ENABLE_OBJC_WEAK = YES;
				CLANG_WARN_BLOCK_CAPTURE_AUTORELEASING = YES;
				CLANG_WARN_BOOL_CONVERSION = YES;
				CLANG_WARN_COMMA = YES;
				CLANG_WARN_CONSTANT_CONVERSION = YES;
				CLANG_WARN_DEPRECATED_OBJC_IMPLEMENTATIONS = YES;
				CLANG_WARN_DIRECT_OBJC_ISA_USAGE = YES_ERROR;
				CLANG_WARN_DOCUMENTATION_COMMENTS = YES;
				CLANG_WARN_EMPTY_BODY = YES;
				CLANG_WARN_ENUM_CONVERSION = YES;
				CLANG_WARN_INFINITE_RECURSION = YES;
				CLANG_WARN_INT_CONVERSION = YES;
				CLANG_WARN_NON_LITERAL_NULL_CONVERSION = YES;
				CLANG_WARN_OBJC_IMPLICIT_RETAIN_SELF = YES;
				CLANG_WARN_OBJC_LITERAL_CONVERSION = YES;
				CLANG_WARN_OBJC_ROOT_CLASS = YES_ERROR;
				CLANG_WARN_QUOTED_INCLUDE_IN_FRAMEWORK_HEADER = YES;
				CLANG_WARN_RANGE_LOOP_ANALYSIS = YES;
				CLANG_WARN_STRICT_PROTOTYPES = YES;
				CLANG_WARN_SUSPICIOUS_MOVE = YES;
				CLANG_WARN_UNGUARDED_AVAILABILITY = YES_AGGRESSIVE;
				CLANG_WARN_UNREACHABLE_CODE = YES;
				CLANG_WARN__DUPLICATE_METHOD_MATCH = YES;
				COPY_PHASE_STRIP = NO;
				DEBUG_INFORMATION_FORMAT = dwarf;
				ENABLE_STRICT_OBJC_MSGSEND = YES;
				ENABLE_TESTABILITY = YES;
				GCC_C_LANGUAGE_STANDARD = gnu11;
				GCC_DYNAMIC_NO_PIC = NO;
				GCC_NO_COMMON_BLOCKS = YES;
				GCC_OPTIMIZATION_LEVEL = 0;
				GCC_PREPROCESSOR_DEFINITIONS = (
					"DEBUG=1",
					"$(inherited)",
				);
				GCC_WARN_64_TO_32_BIT_CONVERSION = YES;
				GCC_WARN_ABOUT_RETURN_TYPE = YES_ERROR;
				GCC_WARN_UNDECLARED_SELECTOR = YES;
				GCC_WARN_UNINITIALIZED_AUTOS = YES_AGGRESSIVE;
				GCC_WARN_UNUSED_FUNCTION = YES;
				GCC_WARN_UNUSED_VARIABLE = YES;
				IPHONEOS_DEPLOYMENT_TARGET = 15.0;
				MTL_ENABLE_DEBUG_INFO = INCLUDE_SOURCE;
				MTL_FAST_MATH = YES;
				ONLY_ACTIVE_ARCH = YES;
				SDKROOT = iphoneos;
				SWIFT_ACTIVE_COMPILATION_CONDITIONS = DEBUG;
				SWIFT_OPTIMIZATION_LEVEL = "-Onone";
			};
			name = Debug;
		};
		E295B58528D4F751002980C1 /* Release */ = {
			isa = XCBuildConfiguration;
			buildSettings = {
				ALWAYS_SEARCH_USER_PATHS = NO;
				CLANG_ANALYZER_NONNULL = YES;
				CLANG_ANALYZER_NUMBER_OBJECT_CONVERSION = YES_AGGRESSIVE;
				CLANG_CXX_LANGUAGE_STANDARD = "gnu++20";
				CLANG_ENABLE_MODULES = YES;
				CLANG_ENABLE_OBJC_ARC = YES;
				CLANG_ENABLE_OBJC_WEAK = YES;
				CLANG_WARN_BLOCK_CAPTURE_AUTORELEASING = YES;
				CLANG_WARN_BOOL_CONVERSION = YES;
				CLANG_WARN_COMMA = YES;
				CLANG_WARN_CONSTANT_CONVERSION = YES;
				CLANG_WARN_DEPRECATED_OBJC_IMPLEMENTATIONS = YES;
				CLANG_WARN_DIRECT_OBJC_ISA_USAGE = YES_ERROR;
				CLANG_WARN_DOCUMENTATION_COMMENTS = YES;
				CLANG_WARN_EMPTY_BODY = YES;
				CLANG_WARN_ENUM_CONVERSION = YES;
				CLANG_WARN_INFINITE_RECURSION = YES;
				CLANG_WARN_INT_CONVERSION = YES;
				CLANG_WARN_NON_LITERAL_NULL_CONVERSION = YES;
				CLANG_WARN_OBJC_IMPLICIT_RETAIN_SELF = YES;
				CLANG_WARN_OBJC_LITERAL_CONVERSION = YES;
				CLANG_WARN_OBJC_ROOT_CLASS = YES_ERROR;
				CLANG_WARN_QUOTED_INCLUDE_IN_FRAMEWORK_HEADER = YES;
				CLANG_WARN_RANGE_LOOP_ANALYSIS = YES;
				CLANG_WARN_STRICT_PROTOTYPES = YES;
				CLANG_WARN_SUSPICIOUS_MOVE = YES;
				CLANG_WARN_UNGUARDED_AVAILABILITY = YES_AGGRESSIVE;
				CLANG_WARN_UNREACHABLE_CODE = YES;
				CLANG_WARN__DUPLICATE_METHOD_MATCH = YES;
				COPY_PHASE_STRIP = NO;
				DEBUG_INFORMATION_FORMAT = "dwarf-with-dsym";
				ENABLE_NS_ASSERTIONS = NO;
				ENABLE_STRICT_OBJC_MSGSEND = YES;
				GCC_C_LANGUAGE_STANDARD = gnu11;
				GCC_NO_COMMON_BLOCKS = YES;
				GCC_WARN_64_TO_32_BIT_CONVERSION = YES;
				GCC_WARN_ABOUT_RETURN_TYPE = YES_ERROR;
				GCC_WARN_UNDECLARED_SELECTOR = YES;
				GCC_WARN_UNINITIALIZED_AUTOS = YES_AGGRESSIVE;
				GCC_WARN_UNUSED_FUNCTION = YES;
				GCC_WARN_UNUSED_VARIABLE = YES;
				IPHONEOS_DEPLOYMENT_TARGET = 15.0;
				MTL_ENABLE_DEBUG_INFO = NO;
				MTL_FAST_MATH = YES;
				SDKROOT = iphoneos;
				SWIFT_COMPILATION_MODE = wholemodule;
				SWIFT_OPTIMIZATION_LEVEL = "-O";
				VALIDATE_PRODUCT = YES;
			};
			name = Release;
		};
		E295B58728D4F751002980C1 /* Debug */ = {
			isa = XCBuildConfiguration;
			buildSettings = {
				ASSETCATALOG_COMPILER_APPICON_NAME = AppIcon;
				ASSETCATALOG_COMPILER_GLOBAL_ACCENT_COLOR_NAME = AccentColor;
				CODE_SIGN_IDENTITY = "Apple Development";
				CODE_SIGN_STYLE = Automatic;
				CURRENT_PROJECT_VERSION = 1;
				DEVELOPMENT_ASSET_PATHS = "\"Bullseye/Preview Content\"";
				DEVELOPMENT_TEAM = 29HK53FZS3;
				ENABLE_PREVIEWS = YES;
				GENERATE_INFOPLIST_FILE = YES;
				INFOPLIST_KEY_CFBundleDisplayName = "Bull Eye";
				INFOPLIST_KEY_LSApplicationCategoryType = "public.app-category.entertainment";
				INFOPLIST_KEY_UIApplicationSceneManifest_Generation = YES;
				INFOPLIST_KEY_UIApplicationSupportsIndirectInputEvents = YES;
				INFOPLIST_KEY_UILaunchScreen_Generation = YES;
				INFOPLIST_KEY_UISupportedInterfaceOrientations_iPad = "UIInterfaceOrientationPortrait UIInterfaceOrientationPortraitUpsideDown UIInterfaceOrientationLandscapeLeft UIInterfaceOrientationLandscapeRight";
				INFOPLIST_KEY_UISupportedInterfaceOrientations_iPhone = "UIInterfaceOrientationPortrait UIInterfaceOrientationLandscapeLeft UIInterfaceOrientationLandscapeRight";
				IPHONEOS_DEPLOYMENT_TARGET = 15.0;
				LD_RUNPATH_SEARCH_PATHS = (
					"$(inherited)",
					"@executable_path/Frameworks",
				);
				MARKETING_VERSION = 1.0;
				PRODUCT_BUNDLE_IDENTIFIER = com.vinovinka.Bullseye;
				PRODUCT_NAME = "$(TARGET_NAME)";
				PROVISIONING_PROFILE_SPECIFIER = "";
				SWIFT_EMIT_LOC_STRINGS = YES;
				SWIFT_VERSION = 5.0;
				TARGETED_DEVICE_FAMILY = "1,2";
			};
			name = Debug;
		};
		E295B58828D4F751002980C1 /* Release */ = {
			isa = XCBuildConfiguration;
			buildSettings = {
				ASSETCATALOG_COMPILER_APPICON_NAME = AppIcon;
				ASSETCATALOG_COMPILER_GLOBAL_ACCENT_COLOR_NAME = AccentColor;
				CODE_SIGN_IDENTITY = "Apple Development";
				CODE_SIGN_STYLE = Automatic;
				CURRENT_PROJECT_VERSION = 1;
				DEVELOPMENT_ASSET_PATHS = "\"Bullseye/Preview Content\"";
				DEVELOPMENT_TEAM = 29HK53FZS3;
				ENABLE_PREVIEWS = YES;
				GENERATE_INFOPLIST_FILE = YES;
				INFOPLIST_KEY_CFBundleDisplayName = "Bull Eye";
				INFOPLIST_KEY_LSApplicationCategoryType = "public.app-category.entertainment";
				INFOPLIST_KEY_UIApplicationSceneManifest_Generation = YES;
				INFOPLIST_KEY_UIApplicationSupportsIndirectInputEvents = YES;
				INFOPLIST_KEY_UILaunchScreen_Generation = YES;
				INFOPLIST_KEY_UISupportedInterfaceOrientations_iPad = "UIInterfaceOrientationPortrait UIInterfaceOrientationPortraitUpsideDown UIInterfaceOrientationLandscapeLeft UIInterfaceOrientationLandscapeRight";
				INFOPLIST_KEY_UISupportedInterfaceOrientations_iPhone = "UIInterfaceOrientationPortrait UIInterfaceOrientationLandscapeLeft UIInterfaceOrientationLandscapeRight";
				IPHONEOS_DEPLOYMENT_TARGET = 15.0;
				LD_RUNPATH_SEARCH_PATHS = (
					"$(inherited)",
					"@executable_path/Frameworks",
				);
				MARKETING_VERSION = 1.0;
				PRODUCT_BUNDLE_IDENTIFIER = com.vinovinka.Bullseye;
				PRODUCT_NAME = "$(TARGET_NAME)";
				PROVISIONING_PROFILE_SPECIFIER = "";
				SWIFT_EMIT_LOC_STRINGS = YES;
				SWIFT_VERSION = 5.0;
				TARGETED_DEVICE_FAMILY = "1,2";
			};
			name = Release;
		};
		E2DE614C28EDCEE000ACE03A /* Debug */ = {
			isa = XCBuildConfiguration;
			buildSettings = {
				BUNDLE_LOADER = "$(TEST_HOST)";
				CODE_SIGN_STYLE = Automatic;
				CURRENT_PROJECT_VERSION = 1;
				DEVELOPMENT_TEAM = 29HK53FZS3;
				GENERATE_INFOPLIST_FILE = YES;
				IPHONEOS_DEPLOYMENT_TARGET = 16.0;
				MACOSX_DEPLOYMENT_TARGET = 12.3;
				MARKETING_VERSION = 1.0;
				PRODUCT_BUNDLE_IDENTIFIER = com.vinovinka.BullseyeTests;
				PRODUCT_NAME = "$(TARGET_NAME)";
				SDKROOT = auto;
				SUPPORTED_PLATFORMS = "iphoneos iphonesimulator macosx";
				SWIFT_EMIT_LOC_STRINGS = NO;
				SWIFT_VERSION = 5.0;
				TARGETED_DEVICE_FAMILY = "1,2";
				TEST_HOST = "$(BUILT_PRODUCTS_DIR)/Bullseye.app/$(BUNDLE_EXECUTABLE_FOLDER_PATH)/Bullseye";
			};
			name = Debug;
		};
		E2DE614D28EDCEE000ACE03A /* Release */ = {
			isa = XCBuildConfiguration;
			buildSettings = {
				BUNDLE_LOADER = "$(TEST_HOST)";
				CODE_SIGN_STYLE = Automatic;
				CURRENT_PROJECT_VERSION = 1;
				DEVELOPMENT_TEAM = 29HK53FZS3;
				GENERATE_INFOPLIST_FILE = YES;
				IPHONEOS_DEPLOYMENT_TARGET = 16.0;
				MACOSX_DEPLOYMENT_TARGET = 12.3;
				MARKETING_VERSION = 1.0;
				PRODUCT_BUNDLE_IDENTIFIER = com.vinovinka.BullseyeTests;
				PRODUCT_NAME = "$(TARGET_NAME)";
				SDKROOT = auto;
				SUPPORTED_PLATFORMS = "iphoneos iphonesimulator macosx";
				SWIFT_EMIT_LOC_STRINGS = NO;
				SWIFT_VERSION = 5.0;
				TARGETED_DEVICE_FAMILY = "1,2";
				TEST_HOST = "$(BUILT_PRODUCTS_DIR)/Bullseye.app/$(BUNDLE_EXECUTABLE_FOLDER_PATH)/Bullseye";
			};
			name = Release;
		};
		E2F1DE2628FFD97B00629924 /* Debug */ = {
			isa = XCBuildConfiguration;
			buildSettings = {
				CODE_SIGN_STYLE = Automatic;
				CURRENT_PROJECT_VERSION = 1;
				DEVELOPMENT_TEAM = 29HK53FZS3;
				GENERATE_INFOPLIST_FILE = YES;
				IPHONEOS_DEPLOYMENT_TARGET = 16.0;
				MARKETING_VERSION = 1.0;
				PRODUCT_BUNDLE_IDENTIFIER = com.vinovinka.BullseyeUITests;
				PRODUCT_NAME = "$(TARGET_NAME)";
				SWIFT_EMIT_LOC_STRINGS = NO;
				SWIFT_VERSION = 5.0;
				TARGETED_DEVICE_FAMILY = "1,2";
				TEST_TARGET_NAME = Bullseye;
			};
			name = Debug;
		};
		E2F1DE2728FFD97B00629924 /* Release */ = {
			isa = XCBuildConfiguration;
			buildSettings = {
				CODE_SIGN_STYLE = Automatic;
				CURRENT_PROJECT_VERSION = 1;
				DEVELOPMENT_TEAM = 29HK53FZS3;
				GENERATE_INFOPLIST_FILE = YES;
				IPHONEOS_DEPLOYMENT_TARGET = 16.0;
				MARKETING_VERSION = 1.0;
				PRODUCT_BUNDLE_IDENTIFIER = com.vinovinka.BullseyeUITests;
				PRODUCT_NAME = "$(TARGET_NAME)";
				SWIFT_EMIT_LOC_STRINGS = NO;
				SWIFT_VERSION = 5.0;
				TARGETED_DEVICE_FAMILY = "1,2";
				TEST_TARGET_NAME = Bullseye;
			};
			name = Release;
		};
/* End XCBuildConfiguration section */

/* Begin XCConfigurationList section */
		E295B57328D4F750002980C1 /* Build configuration list for PBXProject "Bullseye" */ = {
			isa = XCConfigurationList;
			buildConfigurations = (
				E295B58428D4F751002980C1 /* Debug */,
				E295B58528D4F751002980C1 /* Release */,
			);
			defaultConfigurationIsVisible = 0;
			defaultConfigurationName = Release;
		};
		E295B58628D4F751002980C1 /* Build configuration list for PBXNativeTarget "Bullseye" */ = {
			isa = XCConfigurationList;
			buildConfigurations = (
				E295B58728D4F751002980C1 /* Debug */,
				E295B58828D4F751002980C1 /* Release */,
			);
			defaultConfigurationIsVisible = 0;
			defaultConfigurationName = Release;
		};
		E2DE614E28EDCEE000ACE03A /* Build configuration list for PBXNativeTarget "BullseyeTests" */ = {
			isa = XCConfigurationList;
			buildConfigurations = (
				E2DE614C28EDCEE000ACE03A /* Debug */,
				E2DE614D28EDCEE000ACE03A /* Release */,
			);
			defaultConfigurationIsVisible = 0;
			defaultConfigurationName = Release;
		};
		E2F1DE2828FFD97B00629924 /* Build configuration list for PBXNativeTarget "BullseyeUITests" */ = {
			isa = XCConfigurationList;
			buildConfigurations = (
				E2F1DE2628FFD97B00629924 /* Debug */,
				E2F1DE2728FFD97B00629924 /* Release */,
			);
			defaultConfigurationIsVisible = 0;
			defaultConfigurationName = Release;
		};
/* End XCConfigurationList section */
	};
	rootObject = E295B57028D4F750002980C1 /* Project object */;
}
